
Microsoft Visual Studio Solution File, Format Version 12.00
# Visual Studio 15
VisualStudioVersion = 15.0.28307.329
MinimumVisualStudioVersion = 10.0.40219.1
Project("{FAE04EC0-301F-11D3-BF4B-00C04F79EFBC}") = "Visulight", "Visulight\Visulight.csproj", "{A1154A35-4E36-4732-83DD-C0766FB5E8EB}"
EndProject
Global
	GlobalSection(SolutionConfigurationPlatforms) = preSolution
		Debug|Any CPU = Debug|Any CPU
		Release|Any CPU = Release|Any CPU
	EndGlobalSection
	GlobalSection(ProjectConfigurationPlatforms) = postSolution
		{A1154A35-4E36-4732-83DD-C0766FB5E8EB}.Debug|Any CPU.ActiveCfg = Debug|Any CPU
		{A1154A35-4E36-4732-83DD-C0766FB5E8EB}.Debug|Any CPU.Build.0 = Debug|Any CPU
		{A1154A35-4E36-4732-83DD-C0766FB5E8EB}.Release|Any CPU.ActiveCfg = Release|Any CPU
		{A1154A35-4E36-4732-83DD-C0766FB5E8EB}.Release|Any CPU.Build.0 = Release|Any CPU
	EndGlobalSection
	GlobalSection(SolutionProperties) = preSolution
		HideSolutionNode = FALSE
	EndGlobalSection
	GlobalSection(ExtensibilityGlobals) = postSolution
		SolutionGuid = {6D999A05-0670-4D8D-80B6-FEF09C78CFD5}
	EndGlobalSection
EndGlobal
